
Microsoft Visual Studio Solution File, Format Version 12.00
# Visual Studio Version 17
VisualStudioVersion = 17.9.34728.123
MinimumVisualStudioVersion = 10.0.40219.1
Project("{9A19103F-16F7-4668-BE54-9A1E7A4F7556}") = "SeaBattle_C#", "SeaBattle_C#\SeaBattle_C#.csproj", "{2603B43D-C508-4A2C-B0C8-6A59603E047A}"
EndProject
Project("{9A19103F-16F7-4668-BE54-9A1E7A4F7556}") = "Field", "Field\Field.csproj", "{BC76FF06-1E0B-4580-8EB7-41C2AFDFE85F}"
EndProject
Project("{9A19103F-16F7-4668-BE54-9A1E7A4F7556}") = "TypeBoat", "TypeBoat\TypeBoat.csproj", "{99FF1623-8A6D-4E67-8CAF-C2CBBA039C6B}"
EndProject
Project("{9A19103F-16F7-4668-BE54-9A1E7A4F7556}") = "AdderBoat", "AdderBoat\AdderBoat.csproj", "{8B324589-DA13-4ACF-85AD-9B772EFCB668}"
EndProject
Project("{9A19103F-16F7-4668-BE54-9A1E7A4F7556}") = "AttackerBoat", "AttackerBoat\AttackerBoat.csproj", "{A5E6C583-BAF4-49DB-893A-58805599F355}"
EndProject
Project("{FAE04EC0-301F-11D3-BF4B-00C04F79EFBC}") = "PlayerLib", "PlayerLib\PlayerLib.csproj", "{D0BC8998-0BDC-4E14-A614-4181AAAF84BE}"
EndProject
Global
	GlobalSection(SolutionConfigurationPlatforms) = preSolution
		Debug|Any CPU = Debug|Any CPU
		Release|Any CPU = Release|Any CPU
	EndGlobalSection
	GlobalSection(ProjectConfigurationPlatforms) = postSolution
		{2603B43D-C508-4A2C-B0C8-6A59603E047A}.Debug|Any CPU.ActiveCfg = Debug|Any CPU
		{2603B43D-C508-4A2C-B0C8-6A59603E047A}.Debug|Any CPU.Build.0 = Debug|Any CPU
		{2603B43D-C508-4A2C-B0C8-6A59603E047A}.Release|Any CPU.ActiveCfg = Release|Any CPU
		{2603B43D-C508-4A2C-B0C8-6A59603E047A}.Release|Any CPU.Build.0 = Release|Any CPU
		{BC76FF06-1E0B-4580-8EB7-41C2AFDFE85F}.Debug|Any CPU.ActiveCfg = Debug|Any CPU
		{BC76FF06-1E0B-4580-8EB7-41C2AFDFE85F}.Debug|Any CPU.Build.0 = Debug|Any CPU
		{BC76FF06-1E0B-4580-8EB7-41C2AFDFE85F}.Release|Any CPU.ActiveCfg = Release|Any CPU
		{BC76FF06-1E0B-4580-8EB7-41C2AFDFE85F}.Release|Any CPU.Build.0 = Release|Any CPU
		{99FF1623-8A6D-4E67-8CAF-C2CBBA039C6B}.Debug|Any CPU.ActiveCfg = Debug|Any CPU
		{99FF1623-8A6D-4E67-8CAF-C2CBBA039C6B}.Debug|Any CPU.Build.0 = Debug|Any CPU
		{99FF1623-8A6D-4E67-8CAF-C2CBBA039C6B}.Release|Any CPU.ActiveCfg = Release|Any CPU
		{99FF1623-8A6D-4E67-8CAF-C2CBBA039C6B}.Release|Any CPU.Build.0 = Release|Any CPU
		{8B324589-DA13-4ACF-85AD-9B772EFCB668}.Debug|Any CPU.ActiveCfg = Debug|Any CPU
		{8B324589-DA13-4ACF-85AD-9B772EFCB668}.Debug|Any CPU.Build.0 = Debug|Any CPU
		{8B324589-DA13-4ACF-85AD-9B772EFCB668}.Release|Any CPU.ActiveCfg = Release|Any CPU
		{8B324589-DA13-4ACF-85AD-9B772EFCB668}.Release|Any CPU.Build.0 = Release|Any CPU
		{A5E6C583-BAF4-49DB-893A-58805599F355}.Debug|Any CPU.ActiveCfg = Debug|Any CPU
		{A5E6C583-BAF4-49DB-893A-58805599F355}.Debug|Any CPU.Build.0 = Debug|Any CPU
		{A5E6C583-BAF4-49DB-893A-58805599F355}.Release|Any CPU.ActiveCfg = Release|Any CPU
		{A5E6C583-BAF4-49DB-893A-58805599F355}.Release|Any CPU.Build.0 = Release|Any CPU
		{D0BC8998-0BDC-4E14-A614-4181AAAF84BE}.Debug|Any CPU.ActiveCfg = Debug|Any CPU
		{D0BC8998-0BDC-4E14-A614-4181AAAF84BE}.Debug|Any CPU.Build.0 = Debug|Any CPU
		{D0BC8998-0BDC-4E14-A614-4181AAAF84BE}.Release|Any CPU.ActiveCfg = Release|Any CPU
		{D0BC8998-0BDC-4E14-A614-4181AAAF84BE}.Release|Any CPU.Build.0 = Release|Any CPU
	EndGlobalSection
	GlobalSection(SolutionProperties) = preSolution
		HideSolutionNode = FALSE
	EndGlobalSection
	GlobalSection(ExtensibilityGlobals) = postSolution
		SolutionGuid = {7BC27A6C-9589-4D43-812F-4C84208F025A}
	EndGlobalSection
EndGlobal
